
Microsoft Visual Studio Solution File, Format Version 12.00
# Visual Studio Version 16
VisualStudioVersion = 16.0.31025.194
MinimumVisualStudioVersion = 10.0.40219.1
Project("{FAE04EC0-301F-11D3-BF4B-00C04F79EFBC}") = "RabbitMQ.Producer", "RabbitMQ.Producer\RabbitMQ.Producer.csproj", "{3E7BBA63-75D2-43C4-815C-A4B110E5A7AD}"
EndProject
Global
	GlobalSection(SolutionConfigurationPlatforms) = preSolution
		Debug|Any CPU = Debug|Any CPU
		Release|Any CPU = Release|Any CPU
	EndGlobalSection
	GlobalSection(ProjectConfigurationPlatforms) = postSolution
		{3E7BBA63-75D2-43C4-815C-A4B110E5A7AD}.Debug|Any CPU.ActiveCfg = Debug|Any CPU
		{3E7BBA63-75D2-43C4-815C-A4B110E5A7AD}.Debug|Any CPU.Build.0 = Debug|Any CPU
		{3E7BBA63-75D2-43C4-815C-A4B110E5A7AD}.Release|Any CPU.ActiveCfg = Release|Any CPU
		{3E7BBA63-75D2-43C4-815C-A4B110E5A7AD}.Release|Any CPU.Build.0 = Release|Any CPU
	EndGlobalSection
	GlobalSection(SolutionProperties) = preSolution
		HideSolutionNode = FALSE
	EndGlobalSection
	GlobalSection(ExtensibilityGlobals) = postSolution
		SolutionGuid = {996AC493-ABCF-49F4-906E-E49FEA475B07}
	EndGlobalSection
EndGlobal
